
Microsoft Visual Studio Solution File, Format Version 12.00
# Visual Studio Version 17
VisualStudioVersion = 17.0.31903.59
MinimumVisualStudioVersion = 10.0.40219.1
Project("{FAE04EC0-301F-11D3-BF4B-00C04F79EFBC}") = "Console", "Console\Console.csproj", "{88668416-28A5-4B50-8F3D-EEE96C3C581B}"
EndProject
Project("{FAE04EC0-301F-11D3-BF4B-00C04F79EFBC}") = "LinqLib", "LinqLib\LinqLib.csproj", "{E8D84C0D-149C-473F-9F68-18FEDCA9F5E5}"
EndProject
Global
	GlobalSection(SolutionConfigurationPlatforms) = preSolution
		Debug|Any CPU = Debug|Any CPU
		Release|Any CPU = Release|Any CPU
	EndGlobalSection
	GlobalSection(SolutionProperties) = preSolution
		HideSolutionNode = FALSE
	EndGlobalSection
	GlobalSection(ProjectConfigurationPlatforms) = postSolution
		{88668416-28A5-4B50-8F3D-EEE96C3C581B}.Debug|Any CPU.ActiveCfg = Debug|Any CPU
		{88668416-28A5-4B50-8F3D-EEE96C3C581B}.Debug|Any CPU.Build.0 = Debug|Any CPU
		{88668416-28A5-4B50-8F3D-EEE96C3C581B}.Release|Any CPU.ActiveCfg = Release|Any CPU
		{88668416-28A5-4B50-8F3D-EEE96C3C581B}.Release|Any CPU.Build.0 = Release|Any CPU
		{E8D84C0D-149C-473F-9F68-18FEDCA9F5E5}.Debug|Any CPU.ActiveCfg = Debug|Any CPU
		{E8D84C0D-149C-473F-9F68-18FEDCA9F5E5}.Debug|Any CPU.Build.0 = Debug|Any CPU
		{E8D84C0D-149C-473F-9F68-18FEDCA9F5E5}.Release|Any CPU.ActiveCfg = Release|Any CPU
		{E8D84C0D-149C-473F-9F68-18FEDCA9F5E5}.Release|Any CPU.Build.0 = Release|Any CPU
	EndGlobalSection
EndGlobal
